
Microsoft Visual Studio Solution File, Format Version 12.00
# Visual Studio Version 16
VisualStudioVersion = 16.0.29009.5
MinimumVisualStudioVersion = 10.0.40219.1
Project("{FAE04EC0-301F-11D3-BF4B-00C04F79EFBC}") = "LinuxCore", "LinuxCore.csproj", "{8FF67F23-2D9F-441E-89A5-9E5B674564F8}"
EndProject
Global
	GlobalSection(SolutionConfigurationPlatforms) = preSolution
		Debug|Any CPU = Debug|Any CPU
		Release|Any CPU = Release|Any CPU
	EndGlobalSection
	GlobalSection(ProjectConfigurationPlatforms) = postSolution
		{8FF67F23-2D9F-441E-89A5-9E5B674564F8}.Debug|Any CPU.ActiveCfg = Debug|Any CPU
		{8FF67F23-2D9F-441E-89A5-9E5B674564F8}.Debug|Any CPU.Build.0 = Debug|Any CPU
		{8FF67F23-2D9F-441E-89A5-9E5B674564F8}.Release|Any CPU.ActiveCfg = Release|Any CPU
		{8FF67F23-2D9F-441E-89A5-9E5B674564F8}.Release|Any CPU.Build.0 = Release|Any CPU
	EndGlobalSection
	GlobalSection(SolutionProperties) = preSolution
		HideSolutionNode = FALSE
	EndGlobalSection
	GlobalSection(ExtensibilityGlobals) = postSolution
		SolutionGuid = {05BDA880-40C3-427A-8DC9-69E6BFFDA27C}
	EndGlobalSection
EndGlobal
